
Microsoft Visual Studio Solution File, Format Version 12.00
# Visual Studio Version 17
VisualStudioVersion = 17.12.35209.166
MinimumVisualStudioVersion = 10.0.40219.1
Project("{FAE04EC0-301F-11D3-BF4B-00C04F79EFBC}") = "SkymeyLibs", "SkymeyLibs\SkymeyLibs.csproj", "{B538F387-0D79-49D0-9AAA-9017339D8B23}"
EndProject
Global
	GlobalSection(SolutionConfigurationPlatforms) = preSolution
		Debug|Any CPU = Debug|Any CPU
		Release|Any CPU = Release|Any CPU
	EndGlobalSection
	GlobalSection(ProjectConfigurationPlatforms) = postSolution
		{B538F387-0D79-49D0-9AAA-9017339D8B23}.Debug|Any CPU.ActiveCfg = Debug|Any CPU
		{B538F387-0D79-49D0-9AAA-9017339D8B23}.Debug|Any CPU.Build.0 = Debug|Any CPU
		{B538F387-0D79-49D0-9AAA-9017339D8B23}.Release|Any CPU.ActiveCfg = Release|Any CPU
		{B538F387-0D79-49D0-9AAA-9017339D8B23}.Release|Any CPU.Build.0 = Release|Any CPU
	EndGlobalSection
	GlobalSection(SolutionProperties) = preSolution
		HideSolutionNode = FALSE
	EndGlobalSection
	GlobalSection(ExtensibilityGlobals) = postSolution
		SolutionGuid = {9CF09B0F-343A-49AD-944B-0C04258910C9}
	EndGlobalSection
EndGlobal
